
Microsoft Visual Studio Solution File, Format Version 12.00
# Visual Studio Version 17
VisualStudioVersion = 17.4.33213.308
MinimumVisualStudioVersion = 10.0.40219.1
Project("{9A19103F-16F7-4668-BE54-9A1E7A4F7556}") = "FaceReadApi", "FaceReadApi.csproj", "{DCD5FAE8-F09E-4C2E-AB2C-EC1137EF44FB}"
EndProject
Global
	GlobalSection(SolutionConfigurationPlatforms) = preSolution
		Debug|Any CPU = Debug|Any CPU
		Release|Any CPU = Release|Any CPU
	EndGlobalSection
	GlobalSection(ProjectConfigurationPlatforms) = postSolution
		{DCD5FAE8-F09E-4C2E-AB2C-EC1137EF44FB}.Debug|Any CPU.ActiveCfg = Debug|Any CPU
		{DCD5FAE8-F09E-4C2E-AB2C-EC1137EF44FB}.Debug|Any CPU.Build.0 = Debug|Any CPU
		{DCD5FAE8-F09E-4C2E-AB2C-EC1137EF44FB}.Release|Any CPU.ActiveCfg = Release|Any CPU
		{DCD5FAE8-F09E-4C2E-AB2C-EC1137EF44FB}.Release|Any CPU.Build.0 = Release|Any CPU
	EndGlobalSection
	GlobalSection(SolutionProperties) = preSolution
		HideSolutionNode = FALSE
	EndGlobalSection
	GlobalSection(ExtensibilityGlobals) = postSolution
		SolutionGuid = {DDD6F8D9-24D7-4EBD-B78D-29F5B6A4BA33}
	EndGlobalSection
EndGlobal
